
Microsoft Visual Studio Solution File, Format Version 11.00
# Visual Studio 2010
Project("{FAE04EC0-301F-11D3-BF4B-00C04F79EFBC}") = "CVR", "Assembly-CSharp.csproj", "{1040180D-465B-132D-85E4-9FA0E897DDDE}"
EndProject
Project("{FAE04EC0-301F-11D3-BF4B-00C04F79EFBC}") = "CVR", "Assembly-CSharp-Editor.csproj", "{9BA0BD45-612B-29BA-9726-870AE4C5B2AC}"
EndProject
Global
	GlobalSection(SolutionConfigurationPlatforms) = preSolution
		Debug|Any CPU = Debug|Any CPU
		Release|Any CPU = Release|Any CPU
	EndGlobalSection
	GlobalSection(ProjectConfigurationPlatforms) = postSolution
		{1040180D-465B-132D-85E4-9FA0E897DDDE}.Debug|Any CPU.ActiveCfg = Debug|Any CPU
		{1040180D-465B-132D-85E4-9FA0E897DDDE}.Debug|Any CPU.Build.0 = Debug|Any CPU
		{1040180D-465B-132D-85E4-9FA0E897DDDE}.Release|Any CPU.ActiveCfg = Release|Any CPU
		{1040180D-465B-132D-85E4-9FA0E897DDDE}.Release|Any CPU.Build.0 = Release|Any CPU
		{9BA0BD45-612B-29BA-9726-870AE4C5B2AC}.Debug|Any CPU.ActiveCfg = Debug|Any CPU
		{9BA0BD45-612B-29BA-9726-870AE4C5B2AC}.Debug|Any CPU.Build.0 = Debug|Any CPU
		{9BA0BD45-612B-29BA-9726-870AE4C5B2AC}.Release|Any CPU.ActiveCfg = Release|Any CPU
		{9BA0BD45-612B-29BA-9726-870AE4C5B2AC}.Release|Any CPU.Build.0 = Release|Any CPU
	EndGlobalSection
	GlobalSection(SolutionProperties) = preSolution
		HideSolutionNode = FALSE
	EndGlobalSection
	GlobalSection(MonoDevelopProperties) = preSolution
		StartupItem = Assembly-CSharp.csproj
	EndGlobalSection
EndGlobal
